// !$*UTF8*$!
{
	archiveVersion = 1;
	classes = {
	};
	objectVersion = 48;
	objects = {

/* Begin PBXBuildFile section */
		0444CC171FD59B1500246C12 /* AppDelegate.swift in Sources */ = {isa = PBXBuildFile; fileRef = 0444CC161FD59B1500246C12 /* AppDelegate.swift */; };
		0444CC1C1FD59B1500246C12 /* Main.storyboard in Resources */ = {isa = PBXBuildFile; fileRef = 0444CC1A1FD59B1500246C12 /* Main.storyboard */; };
		0444CC1E1FD59B1500246C12 /* Assets.xcassets in Resources */ = {isa = PBXBuildFile; fileRef = 0444CC1D1FD59B1500246C12 /* Assets.xcassets */; };
		0444CC211FD59B1500246C12 /* LaunchScreen.storyboard in Resources */ = {isa = PBXBuildFile; fileRef = 0444CC1F1FD59B1500246C12 /* LaunchScreen.storyboard */; };
		0444CC321FD59D8100246C12 /* PillsVC.swift in Sources */ = {isa = PBXBuildFile; fileRef = 0444CC311FD59D8100246C12 /* PillsVC.swift */; };
		0444CC341FD59D9500246C12 /* UserVC.swift in Sources */ = {isa = PBXBuildFile; fileRef = 0444CC331FD59D9500246C12 /* UserVC.swift */; };
		0444CC3B1FD5A23200246C12 /* SWRevealViewController.m in Sources */ = {isa = PBXBuildFile; fileRef = 0444CC3A1FD5A23200246C12 /* SWRevealViewController.m */; };
		0444CC3E1FD5A57700246C12 /* GradientView.swift in Sources */ = {isa = PBXBuildFile; fileRef = 0444CC3D1FD5A57700246C12 /* GradientView.swift */; };
		0444CC401FD5B01A00246C12 /* GoogleService-Info.plist in Resources */ = {isa = PBXBuildFile; fileRef = 0444CC3F1FD5B01A00246C12 /* GoogleService-Info.plist */; };
		FC6C1EADAD3245BDC1B251EA /* Pods_Pills.framework in Frameworks */ = {isa = PBXBuildFile; fileRef = 054DC5EB7737F00D98C3D531 /* Pods_Pills.framework */; };
/* End PBXBuildFile section */

/* Begin PBXFileReference section */
		0444CC131FD59B1500246C12 /* Pills.app */ = {isa = PBXFileReference; explicitFileType = wrapper.application; includeInIndex = 0; path = Pills.app; sourceTree = BUILT_PRODUCTS_DIR; };
		0444CC161FD59B1500246C12 /* AppDelegate.swift */ = {isa = PBXFileReference; lastKnownFileType = sourcecode.swift; path = AppDelegate.swift; sourceTree = "<group>"; };
		0444CC1B1FD59B1500246C12 /* Base */ = {isa = PBXFileReference; lastKnownFileType = file.storyboard; name = Base; path = Base.lproj/Main.storyboard; sourceTree = "<group>"; };
		0444CC1D1FD59B1500246C12 /* Assets.xcassets */ = {isa = PBXFileReference; lastKnownFileType = folder.assetcatalog; path = Assets.xcassets; sourceTree = "<group>"; };
		0444CC201FD59B1500246C12 /* Base */ = {isa = PBXFileReference; lastKnownFileType = file.storyboard; name = Base; path = Base.lproj/LaunchScreen.storyboard; sourceTree = "<group>"; };
		0444CC221FD59B1600246C12 /* Info.plist */ = {isa = PBXFileReference; lastKnownFileType = text.plist.xml; path = Info.plist; sourceTree = "<group>"; };
		0444CC311FD59D8100246C12 /* PillsVC.swift */ = {isa = PBXFileReference; lastKnownFileType = sourcecode.swift; path = PillsVC.swift; sourceTree = "<group>"; };
		0444CC331FD59D9500246C12 /* UserVC.swift */ = {isa = PBXFileReference; lastKnownFileType = sourcecode.swift; path = UserVC.swift; sourceTree = "<group>"; };
		0444CC391FD5A23200246C12 /* SWRevealViewController.h */ = {isa = PBXFileReference; fileEncoding = 4; lastKnownFileType = sourcecode.c.h; path = SWRevealViewController.h; sourceTree = "<group>"; };
		0444CC3A1FD5A23200246C12 /* SWRevealViewController.m */ = {isa = PBXFileReference; fileEncoding = 4; lastKnownFileType = sourcecode.c.objc; path = SWRevealViewController.m; sourceTree = "<group>"; };
		0444CC3C1FD5A29B00246C12 /* Pills-Bridging-Header.h */ = {isa = PBXFileReference; lastKnownFileType = sourcecode.c.h; path = "Pills-Bridging-Header.h"; sourceTree = "<group>"; };
		0444CC3D1FD5A57700246C12 /* GradientView.swift */ = {isa = PBXFileReference; lastKnownFileType = sourcecode.swift; path = GradientView.swift; sourceTree = "<group>"; };
		0444CC3F1FD5B01A00246C12 /* GoogleService-Info.plist */ = {isa = PBXFileReference; fileEncoding = 4; lastKnownFileType = text.plist.xml; path = "GoogleService-Info.plist"; sourceTree = "<group>"; };
		054DC5EB7737F00D98C3D531 /* Pods_Pills.framework */ = {isa = PBXFileReference; explicitFileType = wrapper.framework; includeInIndex = 0; path = Pods_Pills.framework; sourceTree = BUILT_PRODUCTS_DIR; };
		0EFADF9ED1E59738E388DEFA /* Pods-Pills.debug.xcconfig */ = {isa = PBXFileReference; includeInIndex = 1; lastKnownFileType = text.xcconfig; name = "Pods-Pills.debug.xcconfig"; path = "Pods/Target Support Files/Pods-Pills/Pods-Pills.debug.xcconfig"; sourceTree = "<group>"; };
		487C4D94EB75C6DB51471F61 /* Pods-Pills.release.xcconfig */ = {isa = PBXFileReference; includeInIndex = 1; lastKnownFileType = text.xcconfig; name = "Pods-Pills.release.xcconfig"; path = "Pods/Target Support Files/Pods-Pills/Pods-Pills.release.xcconfig"; sourceTree = "<group>"; };
/* End PBXFileReference section */

/* Begin PBXFrameworksBuildPhase section */
		0444CC101FD59B1500246C12 /* Frameworks */ = {
			isa = PBXFrameworksBuildPhase;
			buildActionMask = 2147483647;
			files = (
				FC6C1EADAD3245BDC1B251EA /* Pods_Pills.framework in Frameworks */,
			);
			runOnlyForDeploymentPostprocessing = 0;
		};
/* End PBXFrameworksBuildPhase section */

/* Begin PBXGroup section */
		0444CC0A1FD59B1500246C12 = {
			isa = PBXGroup;
			children = (
				0444CC3F1FD5B01A00246C12 /* GoogleService-Info.plist */,
				0444CC301FD59D6000246C12 /* Model */,
				0444CC2F1FD59D5C00246C12 /* View */,
				0444CC2E1FD59D5100246C12 /* Controller */,
				0444CC281FD59BB000246C12 /* Supporting files */,
				0444CC151FD59B1500246C12 /* Pills */,
				0444CC141FD59B1500246C12 /* Products */,
				AAD189CFB4B2682298942D78 /* Pods */,
				6BFB38DEA5B9D4E355AC319E /* Frameworks */,
			);
			sourceTree = "<group>";
		};
		0444CC141FD59B1500246C12 /* Products */ = {
			isa = PBXGroup;
			children = (
				0444CC131FD59B1500246C12 /* Pills.app */,
			);
			name = Products;
			sourceTree = "<group>";
		};
		0444CC151FD59B1500246C12 /* Pills */ = {
			isa = PBXGroup;
			children = (
				0444CC161FD59B1500246C12 /* AppDelegate.swift */,
				0444CC1A1FD59B1500246C12 /* Main.storyboard */,
				0444CC1D1FD59B1500246C12 /* Assets.xcassets */,
				0444CC1F1FD59B1500246C12 /* LaunchScreen.storyboard */,
				0444CC221FD59B1600246C12 /* Info.plist */,
			);
			path = Pills;
			sourceTree = "<group>";
		};
		0444CC281FD59BB000246C12 /* Supporting files */ = {
			isa = PBXGroup;
			children = (
				0444CC391FD5A23200246C12 /* SWRevealViewController.h */,
				0444CC3A1FD5A23200246C12 /* SWRevealViewController.m */,
				0444CC3C1FD5A29B00246C12 /* Pills-Bridging-Header.h */,
			);
			path = "Supporting files";
			sourceTree = "<group>";
		};
		0444CC2E1FD59D5100246C12 /* Controller */ = {
			isa = PBXGroup;
			children = (
				0444CC311FD59D8100246C12 /* PillsVC.swift */,
				0444CC331FD59D9500246C12 /* UserVC.swift */,
			);
			path = Controller;
			sourceTree = "<group>";
		};
		0444CC2F1FD59D5C00246C12 /* View */ = {
			isa = PBXGroup;
			children = (
				0444CC3D1FD5A57700246C12 /* GradientView.swift */,
			);
			path = View;
			sourceTree = "<group>";
		};
		0444CC301FD59D6000246C12 /* Model */ = {
			isa = PBXGroup;
			children = (
			);
			path = Model;
			sourceTree = "<group>";
		};
		6BFB38DEA5B9D4E355AC319E /* Frameworks */ = {
			isa = PBXGroup;
			children = (
				054DC5EB7737F00D98C3D531 /* Pods_Pills.framework */,
			);
			name = Frameworks;
			sourceTree = "<group>";
		};
		AAD189CFB4B2682298942D78 /* Pods */ = {
			isa = PBXGroup;
			children = (
				0EFADF9ED1E59738E388DEFA /* Pods-Pills.debug.xcconfig */,
				487C4D94EB75C6DB51471F61 /* Pods-Pills.release.xcconfig */,
			);
			name = Pods;
			sourceTree = "<group>";
		};
/* End PBXGroup section */

/* Begin PBXNativeTarget section */
		0444CC121FD59B1500246C12 /* Pills */ = {
			isa = PBXNativeTarget;
			buildConfigurationList = 0444CC251FD59B1600246C12 /* Build configuration list for PBXNativeTarget "Pills" */;
			buildPhases = (
				AEF4FEFD8DBB12946CB6C892 /* [CP] Check Pods Manifest.lock */,
				0444CC0F1FD59B1500246C12 /* Sources */,
				0444CC101FD59B1500246C12 /* Frameworks */,
				0444CC111FD59B1500246C12 /* Resources */,
				8EBDE10D0E479D2A194EED8D /* [CP] Embed Pods Frameworks */,
				E4A7F0509B5AA94B8CCC2D72 /* [CP] Copy Pods Resources */,
			);
			buildRules = (
			);
			dependencies = (
			);
			name = Pills;
			productName = Pills;
			productReference = 0444CC131FD59B1500246C12 /* Pills.app */;
			productType = "com.apple.product-type.application";
		};
/* End PBXNativeTarget section */

/* Begin PBXProject section */
		0444CC0B1FD59B1500246C12 /* Project object */ = {
			isa = PBXProject;
			attributes = {
				LastSwiftUpdateCheck = 0910;
				LastUpgradeCheck = 0910;
				ORGANIZATIONNAME = NG;
				TargetAttributes = {
					0444CC121FD59B1500246C12 = {
						CreatedOnToolsVersion = 9.1;
						LastSwiftMigration = 0910;
						ProvisioningStyle = Automatic;
					};
				};
			};
			buildConfigurationList = 0444CC0E1FD59B1500246C12 /* Build configuration list for PBXProject "Pills" */;
			compatibilityVersion = "Xcode 8.0";
			developmentRegion = en;
			hasScannedForEncodings = 0;
			knownRegions = (
				en,
				Base,
			);
			mainGroup = 0444CC0A1FD59B1500246C12;
			productRefGroup = 0444CC141FD59B1500246C12 /* Products */;
			projectDirPath = "";
			projectRoot = "";
			targets = (
				0444CC121FD59B1500246C12 /* Pills */,
			);
		};
/* End PBXProject section */

/* Begin PBXResourcesBuildPhase section */
		0444CC111FD59B1500246C12 /* Resources */ = {
			isa = PBXResourcesBuildPhase;
			buildActionMask = 2147483647;
			files = (
				0444CC211FD59B1500246C12 /* LaunchScreen.storyboard in Resources */,
				0444CC401FD5B01A00246C12 /* GoogleService-Info.plist in Resources */,
				0444CC1E1FD59B1500246C12 /* Assets.xcassets in Resources */,
				0444CC1C1FD59B1500246C12 /* Main.storyboard in Resources */,
			);
			runOnlyForDeploymentPostprocessing = 0;
		};
/* End PBXResourcesBuildPhase section */

/* Begin PBXShellScriptBuildPhase section */
		8EBDE10D0E479D2A194EED8D /* [CP] Embed Pods Frameworks */ = {
			isa = PBXShellScriptBuildPhase;
			buildActionMask = 2147483647;
			files = (
			);
			inputPaths = (
				"${SRCROOT}/Pods/Target Support Files/Pods-Pills/Pods-Pills-frameworks.sh",
				"${BUILT_PRODUCTS_DIR}/GoogleToolboxForMac/GoogleToolboxForMac.framework",
				"${BUILT_PRODUCTS_DIR}/SwiftyVK/SwiftyVK.framework",
				"${BUILT_PRODUCTS_DIR}/nanopb/nanopb.framework",
			);
			name = "[CP] Embed Pods Frameworks";
			outputPaths = (
				"${TARGET_BUILD_DIR}/${FRAMEWORKS_FOLDER_PATH}/GoogleToolboxForMac.framework",
				"${TARGET_BUILD_DIR}/${FRAMEWORKS_FOLDER_PATH}/SwiftyVK.framework",
				"${TARGET_BUILD_DIR}/${FRAMEWORKS_FOLDER_PATH}/nanopb.framework",
			);
			runOnlyForDeploymentPostprocessing = 0;
			shellPath = /bin/sh;
			shellScript = "\"${SRCROOT}/Pods/Target Support Files/Pods-Pills/Pods-Pills-frameworks.sh\"\n";
			showEnvVarsInLog = 0;
		};
		AEF4FEFD8DBB12946CB6C892 /* [CP] Check Pods Manifest.lock */ = {
			isa = PBXShellScriptBuildPhase;
			buildActionMask = 2147483647;
			files = (
			);
			inputPaths = (
				"${PODS_PODFILE_DIR_PATH}/Podfile.lock",
				"${PODS_ROOT}/Manifest.lock",
			);
			name = "[CP] Check Pods Manifest.lock";
			outputPaths = (
				"$(DERIVED_FILE_DIR)/Pods-Pills-checkManifestLockResult.txt",
			);
			runOnlyForDeploymentPostprocessing = 0;
			shellPath = /bin/sh;
			shellScript = "diff \"${PODS_PODFILE_DIR_PATH}/Podfile.lock\" \"${PODS_ROOT}/Manifest.lock\" > /dev/null\nif [ $? != 0 ] ; then\n    # print error to STDERR\n    echo \"error: The sandbox is not in sync with the Podfile.lock. Run 'pod install' or update your CocoaPods installation.\" >&2\n    exit 1\nfi\n# This output is used by Xcode 'outputs' to avoid re-running this script phase.\necho \"SUCCESS\" > \"${SCRIPT_OUTPUT_FILE_0}\"\n";
			showEnvVarsInLog = 0;
		};
		E4A7F0509B5AA94B8CCC2D72 /* [CP] Copy Pods Resources */ = {
			isa = PBXShellScriptBuildPhase;
			buildActionMask = 2147483647;
			files = (
			);
			inputPaths = (
			);
			name = "[CP] Copy Pods Resources";
			outputPaths = (
			);
			runOnlyForDeploymentPostprocessing = 0;
			shellPath = /bin/sh;
			shellScript = "\"${SRCROOT}/Pods/Target Support Files/Pods-Pills/Pods-Pills-resources.sh\"\n";
			showEnvVarsInLog = 0;
		};
/* End PBXShellScriptBuildPhase section */

/* Begin PBXSourcesBuildPhase section */
		0444CC0F1FD59B1500246C12 /* Sources */ = {
			isa = PBXSourcesBuildPhase;
			buildActionMask = 2147483647;
			files = (
				0444CC321FD59D8100246C12 /* PillsVC.swift in Sources */,
				0444CC171FD59B1500246C12 /* AppDelegate.swift in Sources */,
				0444CC3E1FD5A57700246C12 /* GradientView.swift in Sources */,
				0444CC341FD59D9500246C12 /* UserVC.swift in Sources */,
				0444CC3B1FD5A23200246C12 /* SWRevealViewController.m in Sources */,
			);
			runOnlyForDeploymentPostprocessing = 0;
		};
/* End PBXSourcesBuildPhase section */

/* Begin PBXVariantGroup section */
		0444CC1A1FD59B1500246C12 /* Main.storyboard */ = {
			isa = PBXVariantGroup;
			children = (
				0444CC1B1FD59B1500246C12 /* Base */,
			);
			name = Main.storyboard;
			sourceTree = "<group>";
		};
		0444CC1F1FD59B1500246C12 /* LaunchScreen.storyboard */ = {
			isa = PBXVariantGroup;
			children = (
				0444CC201FD59B1500246C12 /* Base */,
			);
			name = LaunchScreen.storyboard;
			sourceTree = "<group>";
		};
/* End PBXVariantGroup section */

/* Begin XCBuildConfiguration section */
		0444CC231FD59B1600246C12 /* Debug */ = {
			isa = XCBuildConfiguration;
			buildSettings = {
				ALWAYS_SEARCH_USER_PATHS = NO;
				CLANG_ANALYZER_NONNULL = YES;
				CLANG_ANALYZER_NUMBER_OBJECT_CONVERSION = YES_AGGRESSIVE;
				CLANG_CXX_LANGUAGE_STANDARD = "gnu++14";
				CLANG_CXX_LIBRARY = "libc++";
				CLANG_ENABLE_MODULES = YES;
				CLANG_ENABLE_OBJC_ARC = YES;
				CLANG_WARN_BLOCK_CAPTURE_AUTORELEASING = YES;
				CLANG_WARN_BOOL_CONVERSION = YES;
				CLANG_WARN_COMMA = YES;
				CLANG_WARN_CONSTANT_CONVERSION = YES;
				CLANG_WARN_DIRECT_OBJC_ISA_USAGE = YES_ERROR;
				CLANG_WARN_DOCUMENTATION_COMMENTS = YES;
				CLANG_WARN_EMPTY_BODY = YES;
				CLANG_WARN_ENUM_CONVERSION = YES;
				CLANG_WARN_INFINITE_RECURSION = YES;
				CLANG_WARN_INT_CONVERSION = YES;
				CLANG_WARN_NON_LITERAL_NULL_CONVERSION = YES;
				CLANG_WARN_OBJC_LITERAL_CONVERSION = YES;
				CLANG_WARN_OBJC_ROOT_CLASS = YES_ERROR;
				CLANG_WARN_RANGE_LOOP_ANALYSIS = YES;
				CLANG_WARN_STRICT_PROTOTYPES = YES;
				CLANG_WARN_SUSPICIOUS_MOVE = YES;
				CLANG_WARN_UNGUARDED_AVAILABILITY = YES_AGGRESSIVE;
				CLANG_WARN_UNREACHABLE_CODE = YES;
				CLANG_WARN__DUPLICATE_METHOD_MATCH = YES;
				CODE_SIGN_IDENTITY = "iPhone Developer";
				COPY_PHASE_STRIP = NO;
				DEBUG_INFORMATION_FORMAT = dwarf;
				ENABLE_STRICT_OBJC_MSGSEND = YES;
				ENABLE_TESTABILITY = YES;
				GCC_C_LANGUAGE_STANDARD = gnu11;
				GCC_DYNAMIC_NO_PIC = NO;
				GCC_NO_COMMON_BLOCKS = YES;
				GCC_OPTIMIZATION_LEVEL = 0;
				GCC_PREPROCESSOR_DEFINITIONS = (
					"DEBUG=1",
					"$(inherited)",
				);
				GCC_WARN_64_TO_32_BIT_CONVERSION = YES;
				GCC_WARN_ABOUT_RETURN_TYPE = YES_ERROR;
				GCC_WARN_UNDECLARED_SELECTOR = YES;
				GCC_WARN_UNINITIALIZED_AUTOS = YES_AGGRESSIVE;
				GCC_WARN_UNUSED_FUNCTION = YES;
				GCC_WARN_UNUSED_VARIABLE = YES;
				IPHONEOS_DEPLOYMENT_TARGET = 11.1;
				MTL_ENABLE_DEBUG_INFO = YES;
				ONLY_ACTIVE_ARCH = YES;
				SDKROOT = iphoneos;
				SWIFT_ACTIVE_COMPILATION_CONDITIONS = DEBUG;
				SWIFT_OPTIMIZATION_LEVEL = "-Onone";
			};
			name = Debug;
		};
		0444CC241FD59B1600246C12 /* Release */ = {
			isa = XCBuildConfiguration;
			buildSettings = {
				ALWAYS_SEARCH_USER_PATHS = NO;
				CLANG_ANALYZER_NONNULL = YES;
				CLANG_ANALYZER_NUMBER_OBJECT_CONVERSION = YES_AGGRESSIVE;
				CLANG_CXX_LANGUAGE_STANDARD = "gnu++14";
				CLANG_CXX_LIBRARY = "libc++";
				CLANG_ENABLE_MODULES = YES;
				CLANG_ENABLE_OBJC_ARC = YES;
				CLANG_WARN_BLOCK_CAPTURE_AUTORELEASING = YES;
				CLANG_WARN_BOOL_CONVERSION = YES;
				CLANG_WARN_COMMA = YES;
				CLANG_WARN_CONSTANT_CONVERSION = YES;
				CLANG_WARN_DIRECT_OBJC_ISA_USAGE = YES_ERROR;
				CLANG_WARN_DOCUMENTATION_COMMENTS = YES;
				CLANG_WARN_EMPTY_BODY = YES;
				CLANG_WARN_ENUM_CONVERSION = YES;
				CLANG_WARN_INFINITE_RECURSION = YES;
				CLANG_WARN_INT_CONVERSION = YES;
				CLANG_WARN_NON_LITERAL_NULL_CONVERSION = YES;
				CLANG_WARN_OBJC_LITERAL_CONVERSION = YES;
				CLANG_WARN_OBJC_ROOT_CLASS = YES_ERROR;
				CLANG_WARN_RANGE_LOOP_ANALYSIS = YES;
				CLANG_WARN_STRICT_PROTOTYPES = YES;
				CLANG_WARN_SUSPICIOUS_MOVE = YES;
				CLANG_WARN_UNGUARDED_AVAILABILITY = YES_AGGRESSIVE;
				CLANG_WARN_UNREACHABLE_CODE = YES;
				CLANG_WARN__DUPLICATE_METHOD_MATCH = YES;
				CODE_SIGN_IDENTITY = "iPhone Developer";
				COPY_PHASE_STRIP = NO;
				DEBUG_INFORMATION_FORMAT = "dwarf-with-dsym";
				ENABLE_NS_ASSERTIONS = NO;
				ENABLE_STRICT_OBJC_MSGSEND = YES;
				GCC_C_LANGUAGE_STANDARD = gnu11;
				GCC_NO_COMMON_BLOCKS = YES;
				GCC_WARN_64_TO_32_BIT_CONVERSION = YES;
				GCC_WARN_ABOUT_RETURN_TYPE = YES_ERROR;
				GCC_WARN_UNDECLARED_SELECTOR = YES;
				GCC_WARN_UNINITIALIZED_AUTOS = YES_AGGRESSIVE;
				GCC_WARN_UNUSED_FUNCTION = YES;
				GCC_WARN_UNUSED_VARIABLE = YES;
				IPHONEOS_DEPLOYMENT_TARGET = 11.1;
				MTL_ENABLE_DEBUG_INFO = NO;
				SDKROOT = iphoneos;
				SWIFT_OPTIMIZATION_LEVEL = "-Owholemodule";
				VALIDATE_PRODUCT = YES;
			};
			name = Release;
		};
		0444CC261FD59B1600246C12 /* Debug */ = {
			isa = XCBuildConfiguration;
			baseConfigurationReference = 0EFADF9ED1E59738E388DEFA /* Pods-Pills.debug.xcconfig */;
			buildSettings = {
				ASSETCATALOG_COMPILER_APPICON_NAME = AppIcon;
				CLANG_ENABLE_MODULES = YES;
				CODE_SIGN_STYLE = Automatic;
				DEVELOPMENT_TEAM = CSMBE4NXW6;
				INFOPLIST_FILE = Pills/Info.plist;
				LD_RUNPATH_SEARCH_PATHS = "$(inherited) @executable_path/Frameworks";
				PRODUCT_BUNDLE_IDENTIFIER = NG.com.Pills;
				PRODUCT_NAME = "$(TARGET_NAME)";
				SWIFT_OBJC_BRIDGING_HEADER = "Supporting files/Pills-Bridging-Header.h";
				SWIFT_OPTIMIZATION_LEVEL = "-Onone";
				SWIFT_VERSION = 4.0;
				TARGETED_DEVICE_FAMILY = "1,2";
			};
			name = Debug;
		};
		0444CC271FD59B1600246C12 /* Release */ = {
			isa = XCBuildConfiguration;
			baseConfigurationReference = 487C4D94EB75C6DB51471F61 /* Pods-Pills.release.xcconfig */;
			buildSettings = {
				ASSETCATALOG_COMPILER_APPICON_NAME = AppIcon;
				CLANG_ENABLE_MODULES = YES;
				CODE_SIGN_STYLE = Automatic;
				DEVELOPMENT_TEAM = CSMBE4NXW6;
				INFOPLIST_FILE = Pills/Info.plist;
				LD_RUNPATH_SEARCH_PATHS = "$(inherited) @executable_path/Frameworks";
				PRODUCT_BUNDLE_IDENTIFIER = NG.com.Pills;
				PRODUCT_NAME = "$(TARGET_NAME)";
				SWIFT_OBJC_BRIDGING_HEADER = "Supporting files/Pills-Bridging-Header.h";
				SWIFT_VERSION = 4.0;
				TARGETED_DEVICE_FAMILY = "1,2";
			};
			name = Release;
		};
/* End XCBuildConfiguration section */

/* Begin XCConfigurationList section */
		0444CC0E1FD59B1500246C12 /* Build configuration list for PBXProject "Pills" */ = {
			isa = XCConfigurationList;
			buildConfigurations = (
				0444CC231FD59B1600246C12 /* Debug */,
				0444CC241FD59B1600246C12 /* Release */,
			);
			defaultConfigurationIsVisible = 0;
			defaultConfigurationName = Release;
		};
		0444CC251FD59B1600246C12 /* Build configuration list for PBXNativeTarget "Pills" */ = {
			isa = XCConfigurationList;
			buildConfigurations = (
				0444CC261FD59B1600246C12 /* Debug */,
				0444CC271FD59B1600246C12 /* Release */,
			);
			defaultConfigurationIsVisible = 0;
			defaultConfigurationName = Release;
		};
/* End XCConfigurationList section */
	};
	rootObject = 0444CC0B1FD59B1500246C12 /* Project object */;
}
